github.com/achanation12/go-hello-world v1.0.0 h1:i0jZnyie96VMBR8SkQmENY7aSq+OCG3ThTDRiv92KZI=
github.com/achanation12/go-hello-world v1.0.0/go.mod h1:jHU9wZL5+GCLvRNHhWhjMzlIBFMpXrd0HzIvviYOHBI=
github.com/achanation12/go-hello-world v1.0.3 h1:8d+3dGkZJ6+w1A+GvHzyZmRJwfDSEBKu4doMiy7FiAM=
github.com/achanation12/go-hello-world v1.0.3/go.mod h1:jHU9wZL5+GCLvRNHhWhjMzlIBFMpXrd0HzIvviYOHBI=
